
Microsoft Visual Studio Solution File, Format Version 12.00
# Visual Studio Version 17
VisualStudioVersion = 17.12.35323.107
MinimumVisualStudioVersion = 10.0.40219.1
Project("{FAE04EC0-301F-11D3-BF4B-00C04F79EFBC}") = "proxyserverhttps", "proxyserverhttps\proxyserverhttps.csproj", "{BCB8A8B0-CD18-4F92-9FF6-9B2788D1078E}"
EndProject
Global
	GlobalSection(SolutionConfigurationPlatforms) = preSolution
		Debug|Any CPU = Debug|Any CPU
		Release|Any CPU = Release|Any CPU
	EndGlobalSection
	GlobalSection(ProjectConfigurationPlatforms) = postSolution
		{BCB8A8B0-CD18-4F92-9FF6-9B2788D1078E}.Debug|Any CPU.ActiveCfg = Debug|Any CPU
		{BCB8A8B0-CD18-4F92-9FF6-9B2788D1078E}.Debug|Any CPU.Build.0 = Debug|Any CPU
		{BCB8A8B0-CD18-4F92-9FF6-9B2788D1078E}.Release|Any CPU.ActiveCfg = Release|Any CPU
		{BCB8A8B0-CD18-4F92-9FF6-9B2788D1078E}.Release|Any CPU.Build.0 = Release|Any CPU
	EndGlobalSection
	GlobalSection(SolutionProperties) = preSolution
		HideSolutionNode = FALSE
	EndGlobalSection
	GlobalSection(ExtensibilityGlobals) = postSolution
		SolutionGuid = {3895EDB3-4527-431A-8CE3-49DE69B2A250}
	EndGlobalSection
EndGlobal
